
Microsoft Visual Studio Solution File, Format Version 12.00
# Visual Studio Version 16
VisualStudioVersion = 16.0.30804.86
MinimumVisualStudioVersion = 10.0.40219.1
Project("{FAE04EC0-301F-11D3-BF4B-00C04F79EFBC}") = "Epi.QaContent", "Epi.QaContent\Epi.QaContent.csproj", "{7458BF9D-0B4C-4C61-89AE-CC07710B5949}"
EndProject
Global
	GlobalSection(SolutionConfigurationPlatforms) = preSolution
		Debug|Any CPU = Debug|Any CPU
		Release|Any CPU = Release|Any CPU
	EndGlobalSection
	GlobalSection(ProjectConfigurationPlatforms) = postSolution
		{7458BF9D-0B4C-4C61-89AE-CC07710B5949}.Debug|Any CPU.ActiveCfg = Debug|Any CPU
		{7458BF9D-0B4C-4C61-89AE-CC07710B5949}.Debug|Any CPU.Build.0 = Debug|Any CPU
		{7458BF9D-0B4C-4C61-89AE-CC07710B5949}.Release|Any CPU.ActiveCfg = Release|Any CPU
		{7458BF9D-0B4C-4C61-89AE-CC07710B5949}.Release|Any CPU.Build.0 = Release|Any CPU
	EndGlobalSection
	GlobalSection(SolutionProperties) = preSolution
		HideSolutionNode = FALSE
	EndGlobalSection
	GlobalSection(ExtensibilityGlobals) = postSolution
		SolutionGuid = {731F9E8F-5820-4CE0-9589-89339C4FC78C}
	EndGlobalSection
EndGlobal
